# THIS IS AN AUTOGENERATED FILE. DO NOT EDIT THIS FILE DIRECTLY.
# yarn lockfile v1


"@material/animation@^10.0.0":
  version "10.0.0"
  resolved "https://registry.yarnpkg.com/@material/animation/-/animation-10.0.0.tgz#2833a1779426715b418b65eb4c9344bf647a84fa"
  integrity sha512-5e8e+W+n105rfSTRI5Mfmh9VMqzNG8+OhxjfDr7k0lYCfjbkT8LsAInonC5EotJzcaxD0vtDUqRqdW8xKIXNWg==
  dependencies:
    tslib "^1.9.3"

"@material/auto-init@^10.0.0":
  version "10.0.0"
  resolved "https://registry.yarnpkg.com/@material/auto-init/-/auto-init-10.0.0.tgz#4c2cfd5450f06b709e7b99ec263254e835f3813c"
  integrity sha512-Deawx+0P7D7A6kCeYcG40sM+pi3O1qAp838fu16Rupy6ZdZ4z3fXQbcHXq4ZQNysRxIdC6S7DjJ/VI340HI+mA==
  dependencies:
    "@material/base" "^10.0.0"
    tslib "^1.9.3"

"@material/banner@^10.0.0":
  version "10.0.0"
  resolved "https://registry.yarnpkg.com/@material/banner/-/banner-10.0.0.tgz#0e3f628012bd17044f33fe6e4203cfd5de7b58a0"
  integrity sha512-USIk8WIFHLGafjxTsMjNJf8AsRdAvI+XZjEKkPwvpqgFcBLgDa7rRVO8YsgnXUdcqq3hitAo+w1NbNMU2pogDg==
  dependencies:
    "@material/base" "^10.0.0"
    "@material/button" "^10.0.0"
    "@material/dom" "^10.0.0"
    "@material/feature-targeting" "^10.0.0"
    "@material/ripple" "^10.0.0"
    "@material/rtl" "^10.0.0"
    "@material/shape" "^10.0.0"
    "@material/theme" "^10.0.0"
    "@material/typography" "^10.0.0"
    tslib "^1.9.3"

"@material/base@^10.0.0":
  version "10.0.0"
  resolved "https://registry.yarnpkg.com/@material/base/-/base-10.0.0.tgz#25cb35a4fa089c0a9852b153b086ccceb78695fc"
  integrity sha512-PQWNSsNYVvMcWKsRFHgs5JjsHuv6cTogdlp9uhx5ChdLNCkflpXlMKJ7aYfcl56fdLntWQbxXowLh1JAfrTrmg==
  dependencies:
    tslib "^1.9.3"

"@material/button@^10.0.0":
  version "10.0.0"
  resolved "https://registry.yarnpkg.com/@material/button/-/button-10.0.0.tgz#0641e4b758e35821dcb88b62e918ca2a2a90bcbf"
  integrity sha512-OHIJtlyM+U+MqvPm0N0y9kHf+SFS0I7zE520MulQJywgZhHmU+mz2kwgy+tVxOTceVglQzRZP3KkrwUkf4U0bg==
  dependencies:
    "@material/density" "^10.0.0"
    "@material/dom" "^10.0.0"
    "@material/elevation" "^10.0.0"
    "@material/feature-targeting" "^10.0.0"
    "@material/ripple" "^10.0.0"
    "@material/rtl" "^10.0.0"
    "@material/shape" "^10.0.0"
    "@material/theme" "^10.0.0"
    "@material/touch-target" "^10.0.0"
    "@material/typography" "^10.0.0"

"@material/card@^10.0.0":
  version "10.0.0"
  resolved "https://registry.yarnpkg.com/@material/card/-/card-10.0.0.tgz#8747871757c5a548977bee177fffe4eafbc7f9ad"
  integrity sha512-IwdmUdrMDKb27K6xUhRSafPNbrAmcrPSxM3E8ad1Hk55+9O8Tl9SnGfOQGNtocGa8O7qFr8jsiqdIrxJN85VEA==
  dependencies:
    "@material/dom" "^10.0.0"
    "@material/elevation" "^10.0.0"
    "@material/feature-targeting" "^10.0.0"
    "@material/ripple" "^10.0.0"
    "@material/rtl" "^10.0.0"
    "@material/shape" "^10.0.0"
    "@material/theme" "^10.0.0"

"@material/checkbox@^10.0.0":
  version "10.0.0"
  resolved "https://registry.yarnpkg.com/@material/checkbox/-/checkbox-10.0.0.tgz#09fa644efa7c8ff16e74f0efa4441e168f552274"
  integrity sha512-aZc8KLo+yT15tnEpJWBvqJhUFEVqAKs56DGC8PaKfwfJJMVS0D4Hek61cpl4Jthv6j5eduvpiZ/2DRE8D530Hg==
  dependencies:
    "@material/animation" "^10.0.0"
    "@material/base" "^10.0.0"
    "@material/density" "^10.0.0"
    "@material/dom" "^10.0.0"
    "@material/feature-targeting" "^10.0.0"
    "@material/ripple" "^10.0.0"
    "@material/theme" "^10.0.0"
    "@material/touch-target" "^10.0.0"
    tslib "^1.9.3"

"@material/chips@^10.0.0":
  version "10.0.0"
  resolved "https://registry.yarnpkg.com/@material/chips/-/chips-10.0.0.tgz#ae6e330a31eeadf1cc12e3a00d08fe6298ab6d6a"
  integrity sha512-K3FQaN/Y7nlgVtTyZjWOD88Q+5VkNJBUwx0Jv9gONuRjDnelGNbTnzVe1/ESAFVK7fRSoQsEdSM8DVKsjrjyVw==
  dependencies:
    "@material/animation" "^10.0.0"
    "@material/base" "^10.0.0"
    "@material/checkbox" "^10.0.0"
    "@material/density" "^10.0.0"
    "@material/dom" "^10.0.0"
    "@material/elevation" "^10.0.0"
    "@material/feature-targeting" "^10.0.0"
    "@material/ripple" "^10.0.0"
    "@material/rtl" "^10.0.0"
    "@material/shape" "^10.0.0"
    "@material/theme" "^10.0.0"
    "@material/touch-target" "^10.0.0"
    "@material/typography" "^10.0.0"
    tslib "^1.9.3"

"@material/circular-progress@^10.0.0":
  version "10.0.0"
  resolved "https://registry.yarnpkg.com/@material/circular-progress/-/circular-progress-10.0.0.tgz#059ec66fd65bcd10a6a20673a57f5a5c0fc442bf"
  integrity sha512-lb76jzi10OmsVN2XhLhEZpWBilx0TMCZESQ7fIub4FQuSwBucz7Wn/+d5goRkotrOKWzh2HvJ/vnpku5up/a1A==
  dependencies:
    "@material/animation" "^10.0.0"
    "@material/base" "^10.0.0"
    "@material/feature-targeting" "^10.0.0"
    "@material/progress-indicator" "^10.0.0"
    "@material/theme" "^10.0.0"
    tslib "^1.9.3"

"@material/data-table@^10.0.0":
  version "10.0.0"
  resolved "https://registry.yarnpkg.com/@material/data-table/-/data-table-10.0.0.tgz#1bf951bb7b5d8793b1f928f59992aef48e2205bb"
  integrity sha512-6zmqZk1EkmyjTW4SK/HC2SJX2LsNEKYAjrlEU9XZKEJCA381Z3+YJNrePNHbK9JEZYtGH4yq7Yu8kH5FlBJa9A==
  dependencies:
    "@material/animation" "^10.0.0"
    "@material/base" "^10.0.0"
    "@material/checkbox" "^10.0.0"
    "@material/density" "^10.0.0"
    "@material/dom" "^10.0.0"
    "@material/elevation" "^10.0.0"
    "@material/feature-targeting" "^10.0.0"
    "@material/icon-button" "^10.0.0"
    "@material/linear-progress" "^10.0.0"
    "@material/list" "^10.0.0"
    "@material/menu" "^10.0.0"
    "@material/rtl" "^10.0.0"
    "@material/select" "^10.0.0"
    "@material/shape" "^10.0.0"
    "@material/theme" "^10.0.0"
    "@material/touch-target" "^10.0.0"
    "@material/typography" "^10.0.0"
    tslib "^1.10.0"

"@material/density@^10.0.0":
  version "10.0.0"
  resolved "https://registry.yarnpkg.com/@material/density/-/density-10.0.0.tgz#24795406d092cf0e6422e1c9dc8bc2b978c46e7a"
  integrity sha512-nLf8N5e6tEYo+W762z3coTDl2b1FFKJv/uU+E5UsBYOL0ftXrOMtiYSwg9MJjfWtdG+uUBfb3VLcBvIl2x3C0w==

"@material/dialog@^10.0.0":
  version "10.0.0"
  resolved "https://registry.yarnpkg.com/@material/dialog/-/dialog-10.0.0.tgz#f0a9192081291767ec9517ff8cccd8320cb4cd53"
  integrity sha512-vAupxjKxP9iMCmFCkE0PuLCrePdBqdOvJBTv++JP1v+t/Vu+5FLu6rHYIWKwTivqrIgSrLS2L0Lyc1VlJzQqLg==
  dependencies:
    "@material/animation" "^10.0.0"
    "@material/base" "^10.0.0"
    "@material/button" "^10.0.0"
    "@material/dom" "^10.0.0"
    "@material/elevation" "^10.0.0"
    "@material/feature-targeting" "^10.0.0"
    "@material/icon-button" "^10.0.0"
    "@material/ripple" "^10.0.0"
    "@material/rtl" "^10.0.0"
    "@material/shape" "^10.0.0"
    "@material/theme" "^10.0.0"
    "@material/touch-target" "^10.0.0"
    "@material/typography" "^10.0.0"
    tslib "^1.9.3"

"@material/dom@^10.0.0":
  version "10.0.0"
  resolved "https://registry.yarnpkg.com/@material/dom/-/dom-10.0.0.tgz#83bc5c4cdbcb6337c9687d962953919e1a624e30"
  integrity sha512-rimaFIRsbacSjnk/1IqQZLOjoIWYhmuR6AZR35nkeAYg0H3DmLuNTGyAgsMaC8O/1vBcAp+c4N9WASkITCOE5A==
  dependencies:
    "@material/feature-targeting" "^10.0.0"
    tslib "^1.9.3"

"@material/drawer@^10.0.0":
  version "10.0.0"
  resolved "https://registry.yarnpkg.com/@material/drawer/-/drawer-10.0.0.tgz#9f1e8a56bfb4e35c808c121710654f31040b3c0e"
  integrity sha512-x2B8Cqz8x3ecXU4gkFCZBzWNKC5q+oDc73dce/rPNoR87ndzLhMcu6P7mD/tBaNBJHypfQk1SBkbFrMYHAfncg==
  dependencies:
    "@material/animation" "^10.0.0"
    "@material/base" "^10.0.0"
    "@material/dom" "^10.0.0"
    "@material/elevation" "^10.0.0"
    "@material/feature-targeting" "^10.0.0"
    "@material/list" "^10.0.0"
    "@material/ripple" "^10.0.0"
    "@material/rtl" "^10.0.0"
    "@material/shape" "^10.0.0"
    "@material/theme" "^10.0.0"
    "@material/typography" "^10.0.0"
    tslib "^1.9.3"

"@material/elevation@^10.0.0":
  version "10.0.0"
  resolved "https://registry.yarnpkg.com/@material/elevation/-/elevation-10.0.0.tgz#466eaaee99b6e0d776cf5e6bfd357af880070c93"
  integrity sha512-D/CeTIkRmV9iLJDzUnKSt2FTM7SLv3ixQjindNaAEAaCdsaoUfx6Q2dRAlqQOL0y6yeTvvpxK9IFwu411J3xXw==
  dependencies:
    "@material/animation" "^10.0.0"
    "@material/base" "^10.0.0"
    "@material/feature-targeting" "^10.0.0"
    "@material/theme" "^10.0.0"

"@material/fab@^10.0.0":
  version "10.0.0"
  resolved "https://registry.yarnpkg.com/@material/fab/-/fab-10.0.0.tgz#5a97bab9b8988e7da93856ae1ac3525adac99992"
  integrity sha512-TR+xGD0fjwyP9/E0XkXkmHBhzgsgYLEOp/uMf0GRoSXlDypU9E83oh3ZH8w4u2MrHfSM65xB3tMHchSNzXkb2Q==
  dependencies:
    "@material/animation" "^10.0.0"
    "@material/dom" "^10.0.0"
    "@material/elevation" "^10.0.0"
    "@material/feature-targeting" "^10.0.0"
    "@material/ripple" "^10.0.0"
    "@material/rtl" "^10.0.0"
    "@material/shape" "^10.0.0"
    "@material/theme" "^10.0.0"
    "@material/touch-target" "^10.0.0"
    "@material/typography" "^10.0.0"

"@material/feature-targeting@^10.0.0":
  version "10.0.0"
  resolved "https://registry.yarnpkg.com/@material/feature-targeting/-/feature-targeting-10.0.0.tgz#6aeffed7c936af22c5b23d9b75431675469ce4ca"
  integrity sha512-Pn48jeeD2ScMq0NoR0k9SeC3UFOOTarKNIYxL+TkFRLGks/TgFoSIDRwXCzva/9umw9/Q2xOWrY/Gqs1zBIgOA==

"@material/floating-label@^10.0.0":
  version "10.0.0"
  resolved "https://registry.yarnpkg.com/@material/floating-label/-/floating-label-10.0.0.tgz#d918b220ce28db5891bb02aefa4b5cedf9d3847b"
  integrity sha512-np5ETpkZiv4WkgO9b4PKM9oWnuMaF7smxPx0ef4xvwj1jfj7z40OSV85p+3xVp9fJ6UkiDQBqqB+5xquf/o++w==
  dependencies:
    "@material/animation" "^10.0.0"
    "@material/base" "^10.0.0"
    "@material/dom" "^10.0.0"
    "@material/feature-targeting" "^10.0.0"
    "@material/rtl" "^10.0.0"
    "@material/theme" "^10.0.0"
    "@material/typography" "^10.0.0"
    tslib "^1.9.3"

"@material/form-field@^10.0.0":
  version "10.0.0"
  resolved "https://registry.yarnpkg.com/@material/form-field/-/form-field-10.0.0.tgz#a611a64868d42ec1033e165d3890fc5f09d8d79b"
  integrity sha512-OP4SiWVClIfNZYOUzuJpkY67ZRXTm2N4KF1xtfE7aN5mBjJfzrJkhjZ7wrfeWIDx4noGtGDn4wb8ui3kBk87KQ==
  dependencies:
    "@material/base" "^10.0.0"
    "@material/feature-targeting" "^10.0.0"
    "@material/ripple" "^10.0.0"
    "@material/rtl" "^10.0.0"
    "@material/theme" "^10.0.0"
    "@material/typography" "^10.0.0"
    tslib "^1.9.3"

"@material/icon-button@^10.0.0":
  version "10.0.0"
  resolved "https://registry.yarnpkg.com/@material/icon-button/-/icon-button-10.0.0.tgz#ab6a18e2e18245ff59eac1bffe4310a258f7da80"
  integrity sha512-e7oQq2LlUA+UGGzlgvityPV+bTRJ7sFs8grlwM0C86adXzc/6nYBNmmgcqUpQDiCtBj5Dqo8oQSUVGRkHIqEiQ==
  dependencies:
    "@material/base" "^10.0.0"
    "@material/density" "^10.0.0"
    "@material/feature-targeting" "^10.0.0"
    "@material/ripple" "^10.0.0"
    "@material/rtl" "^10.0.0"
    "@material/theme" "^10.0.0"
    tslib "^1.9.3"

"@material/image-list@^10.0.0":
  version "10.0.0"
  resolved "https://registry.yarnpkg.com/@material/image-list/-/image-list-10.0.0.tgz#78305f212c15d0e206d2fb3ca0cbed6120962900"
  integrity sha512-7DZkZNCTsxDsiISAEv7DkxP99On4cG+kMUMjf475K2hjJ1JtilOg27PoV2RTWp7umIk34TifD4ydEqDvQ3q8pQ==
  dependencies:
    "@material/feature-targeting" "^10.0.0"
    "@material/shape" "^10.0.0"
    "@material/theme" "^10.0.0"
    "@material/typography" "^10.0.0"

"@material/layout-grid@^10.0.0":
  version "10.0.0"
  resolved "https://registry.yarnpkg.com/@material/layout-grid/-/layout-grid-10.0.0.tgz#ff76a5c58f5166d3dea266fe50643c9479607cec"
  integrity sha512-r6MydDwpGwawgEBjENrp7699r+ioGpUd/ntAfrYxeVqRT43Qkoa6/VHLYHDubv+RlaG130PQ5ipNPkCgqHURMw==

"@material/line-ripple@^10.0.0":
  version "10.0.0"
  resolved "https://registry.yarnpkg.com/@material/line-ripple/-/line-ripple-10.0.0.tgz#42a6a158d7a131b79f4b72da23e8136d723fe3de"
  integrity sha512-68Kn1cs2T0GWRdAfdtoDz5grROVeGtS9WSYe0kCDsoXFmHEjGhxVZfIT3E6as6NcrP7haLPJEV6ACg4tvzr8uQ==
  dependencies:
    "@material/animation" "^10.0.0"
    "@material/base" "^10.0.0"
    "@material/feature-targeting" "^10.0.0"
    "@material/theme" "^10.0.0"
    tslib "^1.9.3"

"@material/linear-progress@^10.0.0":
  version "10.0.0"
  resolved "https://registry.yarnpkg.com/@material/linear-progress/-/linear-progress-10.0.0.tgz#c02b5b837ac89fbaf79c6a9b41c1862ca5a0c81f"
  integrity sha512-RjfVNRCbhEeyIw5MSb9PNH7Xuhn6af90ksfjmABjYHkTFVhSDdJMrDCOD6gdH8UE5vGDIulS+ZMgIy4pQOmnxA==
  dependencies:
    "@material/animation" "^10.0.0"
    "@material/base" "^10.0.0"
    "@material/feature-targeting" "^10.0.0"
    "@material/progress-indicator" "^10.0.0"
    "@material/rtl" "^10.0.0"
    "@material/theme" "^10.0.0"
    tslib "^1.9.3"

"@material/list@^10.0.0":
  version "10.0.0"
  resolved "https://registry.yarnpkg.com/@material/list/-/list-10.0.0.tgz#a2412b7b673a0c045b9aaa4ac563237b42d0ae1c"
  integrity sha512-LYNntZbyu4ByJphtg3sGxYiwGdt+Lr2jZZLaOk4Xr8v98xDEW96yjB7CjSGh7HI//snJ9PN0QmEfTJ9kavswLw==
  dependencies:
    "@material/base" "^10.0.0"
    "@material/density" "^10.0.0"
    "@material/dom" "^10.0.0"
    "@material/feature-targeting" "^10.0.0"
    "@material/ripple" "^10.0.0"
    "@material/rtl" "^10.0.0"
    "@material/shape" "^10.0.0"
    "@material/theme" "^10.0.0"
    "@material/typography" "^10.0.0"
    tslib "^1.9.3"

"@material/menu-surface@^10.0.0":
  version "10.0.0"
  resolved "https://registry.yarnpkg.com/@material/menu-surface/-/menu-surface-10.0.0.tgz#6d388f0a711ccc67b07d570b39bb5935f80fd7bb"
  integrity sha512-YH/FYlUSmKZoEDtPA+EpV+WQy9caLsa3O+K9MnVq5hpUcg/ezKUa8hP59de+3ubP5Vex60OyVtRs9A/btb64PA==
  dependencies:
    "@material/animation" "^10.0.0"
    "@material/base" "^10.0.0"
    "@material/elevation" "^10.0.0"
    "@material/feature-targeting" "^10.0.0"
    "@material/rtl" "^10.0.0"
    "@material/shape" "^10.0.0"
    "@material/theme" "^10.0.0"
    tslib "^1.9.3"

"@material/menu@^10.0.0":
  version "10.0.0"
  resolved "https://registry.yarnpkg.com/@material/menu/-/menu-10.0.0.tgz#e0fc7553ddff0ceb18aad86ea51d4235192a5dbe"
  integrity sha512-UvutTmhENZc7j1XO14bL/jj0CFQV//8FiQT8hqnZ2/bisX4dyVkwJcs/iSj7ZumQ9KSqn62XMP+DiOothz55Ew==
  dependencies:
    "@material/base" "^10.0.0"
    "@material/dom" "^10.0.0"
    "@material/elevation" "^10.0.0"
    "@material/feature-targeting" "^10.0.0"
    "@material/list" "^10.0.0"
    "@material/menu-surface" "^10.0.0"
    "@material/ripple" "^10.0.0"
    "@material/rtl" "^10.0.0"
    "@material/theme" "^10.0.0"
    tslib "^1.9.3"

"@material/notched-outline@^10.0.0":
  version "10.0.0"
  resolved "https://registry.yarnpkg.com/@material/notched-outline/-/notched-outline-10.0.0.tgz#7a38bf4860b93031c04a30820fed461134845524"
  integrity sha512-SgiLTX2Wy15EAVl6eve+5ruBpnmkN3BclB/6RARvswld6uXhJ4HFSM01sztg4QPhCDehyqNIZvo/LdtyK+99vg==
  dependencies:
    "@material/base" "^10.0.0"
    "@material/feature-targeting" "^10.0.0"
    "@material/floating-label" "^10.0.0"
    "@material/rtl" "^10.0.0"
    "@material/shape" "^10.0.0"
    "@material/theme" "^10.0.0"
    tslib "^1.9.3"

"@material/progress-indicator@^10.0.0":
  version "10.0.0"
  resolved "https://registry.yarnpkg.com/@material/progress-indicator/-/progress-indicator-10.0.0.tgz#3e1c682ee1f63c6e3363aea881f591bfb4b89eb9"
  integrity sha512-s0IXhhyBBlfXoaN7WKKpsiw4qtG29JXTVhj0/IR2QdDx82QOTxYlQkclqBBlkr+H40LKmEYN7dUWJVWJf8QlMw==
  dependencies:
    tslib "^1.9.3"

"@material/radio@^10.0.0":
  version "10.0.0"
  resolved "https://registry.yarnpkg.com/@material/radio/-/radio-10.0.0.tgz#0ddd232923d4a6d96b5aa45896cda653e1b1621d"
  integrity sha512-Lvjfz0NjmwvZ4vvi2aCNQdrvdbFuTsVDjrWCHJgeR7kBLOYM7g8li7G6EpD6GgcMvSCysQ4IljCXUVIimnFoCg==
  dependencies:
    "@material/animation" "^10.0.0"
    "@material/base" "^10.0.0"
    "@material/density" "^10.0.0"
    "@material/dom" "^10.0.0"
    "@material/feature-targeting" "^10.0.0"
    "@material/ripple" "^10.0.0"
    "@material/theme" "^10.0.0"
    "@material/touch-target" "^10.0.0"
    tslib "^1.9.3"

"@material/ripple@^10.0.0":
  version "10.0.0"
  resolved "https://registry.yarnpkg.com/@material/ripple/-/ripple-10.0.0.tgz#5c5e9da3720ad521e477d6b0ea2059e9351067ce"
  integrity sha512-KZPJ6YvLFJKkulUemKFq/Y3h9/Pbta+zOjBN1ZoeiP5++5thfsMJuL+L2bWa4GqUjSj66xW75LQrxX/ammCYzw==
  dependencies:
    "@material/animation" "^10.0.0"
    "@material/base" "^10.0.0"
    "@material/dom" "^10.0.0"
    "@material/feature-targeting" "^10.0.0"
    "@material/theme" "^10.0.0"
    tslib "^1.9.3"

"@material/rtl@^10.0.0":
  version "10.0.0"
  resolved "https://registry.yarnpkg.com/@material/rtl/-/rtl-10.0.0.tgz#73e3d07190b322aa8b579af835e4595190a8a568"
  integrity sha512-887Dq0JrlRx5uwQ2Ku4Gig0e7iMIdKAAvvk/Wnglo9jFUvJE94rgSyyDLbwsN4vo1s33PwxHK1uWteALkzMQWw==
  dependencies:
    "@material/theme" "^10.0.0"

"@material/segmented-button@^10.0.0":
  version "10.0.0"
  resolved "https://registry.yarnpkg.com/@material/segmented-button/-/segmented-button-10.0.0.tgz#d2c56ae5d9d7f32c1ba9df8402757d08b8610ca5"
  integrity sha512-98+1Wny1yPJWNkhqPgvKPQtOlxlIXMvB0XHegO51G3JnDWDcyay+JzumDJAlwX3yuhekQ61oQDfEPUb7bZOR3g==
  dependencies:
    "@material/base" "^10.0.0"
    "@material/elevation" "^10.0.0"
    "@material/feature-targeting" "^10.0.0"
    "@material/ripple" "^10.0.0"
    "@material/theme" "^10.0.0"
    "@material/touch-target" "^10.0.0"
    "@material/typography" "^10.0.0"

"@material/select@^10.0.0":
  version "10.0.0"
  resolved "https://registry.yarnpkg.com/@material/select/-/select-10.0.0.tgz#4ec11e7e7d382160c798adc21627df731a510cf7"
  integrity sha512-1K39WyPpD7cMS1GBNYvQ+o6uBldy3rilqwiBV9zQHIIcAIk9SN7e++siKxbSYGq2/aeMX0sdQDkbGZhEGXupGQ==
  dependencies:
    "@material/animation" "^10.0.0"
    "@material/base" "^10.0.0"
    "@material/density" "^10.0.0"
    "@material/dom" "^10.0.0"
    "@material/feature-targeting" "^10.0.0"
    "@material/floating-label" "^10.0.0"
    "@material/line-ripple" "^10.0.0"
    "@material/list" "^10.0.0"
    "@material/menu" "^10.0.0"
    "@material/menu-surface" "^10.0.0"
    "@material/notched-outline" "^10.0.0"
    "@material/ripple" "^10.0.0"
    "@material/rtl" "^10.0.0"
    "@material/shape" "^10.0.0"
    "@material/theme" "^10.0.0"
    "@material/typography" "^10.0.0"
    tslib "^1.9.3"

"@material/shape@^10.0.0":
  version "10.0.0"
  resolved "https://registry.yarnpkg.com/@material/shape/-/shape-10.0.0.tgz#af3272d22f3782a8dcfb8b9d67a28a1e3d4b6303"
  integrity sha512-2zUib2htoZz21ULa9lNd4llGOWlZcGLBKKJdNV6wsyPlqdh6SjEXf3Fz1BrWV6pQVW3fhnhn+oTFLMveV1mMZw==
  dependencies:
    "@material/feature-targeting" "^10.0.0"
    "@material/rtl" "^10.0.0"
    "@material/theme" "^10.0.0"

"@material/slider@^10.0.0":
  version "10.0.0"
  resolved "https://registry.yarnpkg.com/@material/slider/-/slider-10.0.0.tgz#9f63b18959fbfbab8c60331a579a977ea879b1ae"
  integrity sha512-RsCPCk/dWba0W1LxRCALM9iVQtww2wgEZM7P/erQQyNKHDCR9CPNrCW5Y9HUhtzr+j3RaFqkSGDzJ1+WpIOQ5g==
  dependencies:
    "@material/animation" "^10.0.0"
    "@material/base" "^10.0.0"
    "@material/dom" "^10.0.0"
    "@material/elevation" "^10.0.0"
    "@material/feature-targeting" "^10.0.0"
    "@material/ripple" "^10.0.0"
    "@material/rtl" "^10.0.0"
    "@material/theme" "^10.0.0"
    "@material/typography" "^10.0.0"
    tslib "^1.9.3"

"@material/snackbar@^10.0.0":
  version "10.0.0"
  resolved "https://registry.yarnpkg.com/@material/snackbar/-/snackbar-10.0.0.tgz#5409f67a0b632316998ebab248748a3906eebca4"
  integrity sha512-Cp/OpLZm6ze+/jxpyf2D1jUNvdyhn3MhYcH1EWUyJowJk0wc0DOvWWgrZcVmyqTCROJUmTlL+l35EQ3f7rkjxQ==
  dependencies:
    "@material/animation" "^10.0.0"
    "@material/base" "^10.0.0"
    "@material/button" "^10.0.0"
    "@material/dom" "^10.0.0"
    "@material/elevation" "^10.0.0"
    "@material/feature-targeting" "^10.0.0"
    "@material/icon-button" "^10.0.0"
    "@material/ripple" "^10.0.0"
    "@material/rtl" "^10.0.0"
    "@material/shape" "^10.0.0"
    "@material/theme" "^10.0.0"
    "@material/typography" "^10.0.0"
    tslib "^1.9.3"

"@material/switch@^10.0.0":
  version "10.0.0"
  resolved "https://registry.yarnpkg.com/@material/switch/-/switch-10.0.0.tgz#f6b094da5d1e234218ac83f7a02c4e9442700e48"
  integrity sha512-2UZgof9g52fJOsGgftnmb66WC/yyESZssvbxhLkUVIwGTephz7KXfRWPvoBWBEC2Gwk5FW2Btq3nw5uRKPNj1A==
  dependencies:
    "@material/animation" "^10.0.0"
    "@material/base" "^10.0.0"
    "@material/density" "^10.0.0"
    "@material/dom" "^10.0.0"
    "@material/elevation" "^10.0.0"
    "@material/feature-targeting" "^10.0.0"
    "@material/ripple" "^10.0.0"
    "@material/rtl" "^10.0.0"
    "@material/theme" "^10.0.0"
    tslib "^1.9.3"

"@material/tab-bar@^10.0.0":
  version "10.0.0"
  resolved "https://registry.yarnpkg.com/@material/tab-bar/-/tab-bar-10.0.0.tgz#5626fc2a967bca01a3827e73c4a7ddc13c49a872"
  integrity sha512-C0+Cc4L2AbKKkmrv+DF4d3UPfjIDSQs7Iue/X4q4Y+JmOPb6FgUQOYAJOx7V4/5YPUTECAa/lUVYoFMqDxdRRw==
  dependencies:
    "@material/animation" "^10.0.0"
    "@material/base" "^10.0.0"
    "@material/density" "^10.0.0"
    "@material/feature-targeting" "^10.0.0"
    "@material/tab" "^10.0.0"
    "@material/tab-scroller" "^10.0.0"
    tslib "^1.9.3"

"@material/tab-indicator@^10.0.0":
  version "10.0.0"
  resolved "https://registry.yarnpkg.com/@material/tab-indicator/-/tab-indicator-10.0.0.tgz#c07ff7f874ddd7d97d049360acc6cd5b3406d16f"
  integrity sha512-CpSyR76q51UZ1nhW5quVvYpPGA//Zy2Mjhdp4y+T8yVUtR2MBGj6LjeQz3T4cuGq4GL+yEIw6KPOBFdtCNRqaQ==
  dependencies:
    "@material/animation" "^10.0.0"
    "@material/base" "^10.0.0"
    "@material/feature-targeting" "^10.0.0"
    "@material/theme" "^10.0.0"
    tslib "^1.9.3"

"@material/tab-scroller@^10.0.0":
  version "10.0.0"
  resolved "https://registry.yarnpkg.com/@material/tab-scroller/-/tab-scroller-10.0.0.tgz#39534cc970b22656665f49a7d448c088871f35c7"
  integrity sha512-OT0BNGg5Lai8slprm9GfGKm0npZCh9+NYoYic7nNII3icpqCbgnayyZpHA215tQ8gi6wx+UEm+bWMlz4TEGlQg==
  dependencies:
    "@material/animation" "^10.0.0"
    "@material/base" "^10.0.0"
    "@material/dom" "^10.0.0"
    "@material/feature-targeting" "^10.0.0"
    "@material/tab" "^10.0.0"
    tslib "^1.9.3"

"@material/tab@^10.0.0":
  version "10.0.0"
  resolved "https://registry.yarnpkg.com/@material/tab/-/tab-10.0.0.tgz#b1ad24fedc1fa1e51af0fa747f5f5c7b69ae013c"
  integrity sha512-+NdLlk3japU7I7Ar6ZrihQKxZdk8mIkRv8fXoRZ0KjvHyi6y5tYT++tMHDCzvdzWm24z9Du3aiup1QIsKaI24Q==
  dependencies:
    "@material/base" "^10.0.0"
    "@material/feature-targeting" "^10.0.0"
    "@material/ripple" "^10.0.0"
    "@material/rtl" "^10.0.0"
    "@material/tab-indicator" "^10.0.0"
    "@material/theme" "^10.0.0"
    "@material/typography" "^10.0.0"
    tslib "^1.9.3"

"@material/textfield@^10.0.0":
  version "10.0.0"
  resolved "https://registry.yarnpkg.com/@material/textfield/-/textfield-10.0.0.tgz#8a6df48cd9a1bb26ffb1256c4ba2f43886566bcd"
  integrity sha512-EqqG1c8J8pGTBV3ogXlEi3ZxGuG8qAGYw9Z3QI+r3FvYvrX4qp9Xl1ifDRweVF18eJ28DINXqBdL7XNmnCaZpw==
  dependencies:
    "@material/animation" "^10.0.0"
    "@material/base" "^10.0.0"
    "@material/density" "^10.0.0"
    "@material/dom" "^10.0.0"
    "@material/feature-targeting" "^10.0.0"
    "@material/floating-label" "^10.0.0"
    "@material/line-ripple" "^10.0.0"
    "@material/notched-outline" "^10.0.0"
    "@material/ripple" "^10.0.0"
    "@material/rtl" "^10.0.0"
    "@material/shape" "^10.0.0"
    "@material/theme" "^10.0.0"
    "@material/typography" "^10.0.0"
    tslib "^1.9.3"

"@material/theme@^10.0.0":
  version "10.0.0"
  resolved "https://registry.yarnpkg.com/@material/theme/-/theme-10.0.0.tgz#f0207be9356e85e07b7d86ac48c7ca75a968d2dc"
  integrity sha512-ll5UFjPR6np4jgTzDQO85VQg6FgLM0Vy1MlyJVRr/kn+2adX5hDxiBOnuC9fTeVhIBBPjbAMOFPa6VhNmAmkvg==
  dependencies:
    "@material/feature-targeting" "^10.0.0"

"@material/tooltip@^10.0.0":
  version "10.0.0"
  resolved "https://registry.yarnpkg.com/@material/tooltip/-/tooltip-10.0.0.tgz#485b125555314635bab6044d6e34bb05df443ac7"
  integrity sha512-sH0c9ERNGZe+QaxRNQIFczKNu2y4IbDsuhb5MalY0XZ6jurpdm/1UxEBvrhquXkUUebJ0tPzbOJ214+LJVSh5A==
  dependencies:
    "@material/animation" "^10.0.0"
    "@material/base" "^10.0.0"
    "@material/dom" "^10.0.0"
    "@material/elevation" "^10.0.0"
    "@material/feature-targeting" "^10.0.0"
    "@material/rtl" "^10.0.0"
    "@material/shape" "^10.0.0"
    "@material/theme" "^10.0.0"
    "@material/typography" "^10.0.0"
    tslib "^1.9.3"

"@material/top-app-bar@^10.0.0":
  version "10.0.0"
  resolved "https://registry.yarnpkg.com/@material/top-app-bar/-/top-app-bar-10.0.0.tgz#c9a1449453aa8d28d448e5eed46f788c882472b0"
  integrity sha512-9UKxshyQw/FYX+V5qpsNcyU+4Z+3bvxa415jZkorq+ffoaIzKjc30zBGYcpQSAs2wwobiSp5srMmrTuU/x9k7A==
  dependencies:
    "@material/animation" "^10.0.0"
    "@material/base" "^10.0.0"
    "@material/elevation" "^10.0.0"
    "@material/ripple" "^10.0.0"
    "@material/rtl" "^10.0.0"
    "@material/shape" "^10.0.0"
    "@material/theme" "^10.0.0"
    "@material/typography" "^10.0.0"
    tslib "^1.9.3"

"@material/touch-target@^10.0.0":
  version "10.0.0"
  resolved "https://registry.yarnpkg.com/@material/touch-target/-/touch-target-10.0.0.tgz#8a7bcb00d54616b0e18544363f2cad9077fc4c12"
  integrity sha512-uDWxktK/CODyNNyvXwzTFXcxqujQrVX3LoIsOXu87Z0fq4n2u74WlemJoniMbVKdsKsiJWcZ1uvrvhSeOdNQ2Q==
  dependencies:
    "@material/base" "^10.0.0"
    "@material/feature-targeting" "^10.0.0"

"@material/typography@^10.0.0":
  version "10.0.0"
  resolved "https://registry.yarnpkg.com/@material/typography/-/typography-10.0.0.tgz#6bf955f2f4f3471b5dc1e767f131dbe92b34580f"
  integrity sha512-RtFfL/mfOOkliL/iXY1YPrx8Rw1LZWQC4Jpn2zs04xM+AhhDOcD4Hek5xcvWFjhzEmPUz7yhCTWsMOmVtsXzig==
  dependencies:
    "@material/feature-targeting" "^10.0.0"
    "@material/theme" "^10.0.0"

anymatch@~3.1.1:
  version "3.1.2"
  resolved "https://registry.yarnpkg.com/anymatch/-/anymatch-3.1.2.tgz#c0557c096af32f106198f4f4e2a383537e378716"
  integrity sha512-P43ePfOAIupkguHUycrc4qJ9kz8ZiuOUijaETwX7THt0Y/GNK7v0aa8rY816xWjZ7rJdA5XdMcpVFTKMq+RvWg==
  dependencies:
    normalize-path "^3.0.0"
    picomatch "^2.0.4"

binary-extensions@^2.0.0:
  version "2.2.0"
  resolved "https://registry.yarnpkg.com/binary-extensions/-/binary-extensions-2.2.0.tgz#75f502eeaf9ffde42fc98829645be4ea76bd9e2d"
  integrity sha512-jDctJ/IVQbZoJykoeHbhXpOlNBqGNcwXJKJog42E5HDPUwQTSdjCHdihjj0DlnheQ7blbT6dHOafNAiS8ooQKA==

braces@~3.0.2:
  version "3.0.2"
  resolved "https://registry.yarnpkg.com/braces/-/braces-3.0.2.tgz#3454e1a462ee8d599e236df336cd9ea4f8afe107"
  integrity sha512-b8um+L1RzM3WDSzvhm6gIz1yfTbBt6YTlcEKAvsmqCZZFw46z626lVj9j1yEPW33H5H+lBQpZMP1k8l+78Ha0A==
  dependencies:
    fill-range "^7.0.1"

"chokidar@>=2.0.0 <4.0.0":
  version "3.5.1"
  resolved "https://registry.yarnpkg.com/chokidar/-/chokidar-3.5.1.tgz#ee9ce7bbebd2b79f49f304799d5468e31e14e68a"
  integrity sha512-9+s+Od+W0VJJzawDma/gvBNQqkTiqYTWLuZoyAsivsI4AaWTCzHG06/TMjsf1cYe9Cb97UCEhjz7HvnPk2p/tw==
  dependencies:
    anymatch "~3.1.1"
    braces "~3.0.2"
    glob-parent "~5.1.0"
    is-binary-path "~2.1.0"
    is-glob "~4.0.1"
    normalize-path "~3.0.0"
    readdirp "~3.5.0"
  optionalDependencies:
    fsevents "~2.3.1"

esbuild-sass-plugin@^1.2.0:
  version "1.2.0"
  resolved "https://registry.yarnpkg.com/esbuild-sass-plugin/-/esbuild-sass-plugin-1.2.0.tgz#9f862955a0be51bd1d24524fb0244a2cf839b3af"
  integrity sha512-+JI8dPIGQJJkGfDmgX1xaGh+IF/7O2F0x9eaErDSwt4grQg/MDCJLVQJe55ky0WrCpqmkJK84x3e3AkdfFauCw==
  dependencies:
    esbuild "^0.9.6"
    picomatch "^2.2.2"
    sass "^1.32.8"

esbuild@^0.11.6:
  version "0.11.6"
  resolved "https://registry.yarnpkg.com/esbuild/-/esbuild-0.11.6.tgz#20961309c4cfed00b71027e18806150358d0cbb0"
  integrity sha512-L+nKW9ftVS/N2CVJMR9YmXHbkm+vHzlNYuo09rzipQhF7dYNvRLfWoEPSDRTl10and4owFBV9rJ2CTFNtLIOiw==

esbuild@^0.9.6:
  version "0.9.7"
  resolved "https://registry.yarnpkg.com/esbuild/-/esbuild-0.9.7.tgz#ea0d639cbe4b88ec25fbed4d6ff00c8d788ef70b"
  integrity sha512-VtUf6aQ89VTmMLKrWHYG50uByMF4JQlVysb8dmg6cOgW8JnFCipmz7p+HNBl+RR3LLCuBxFGVauAe2wfnF9bLg==

fill-range@^7.0.1:
  version "7.0.1"
  resolved "https://registry.yarnpkg.com/fill-range/-/fill-range-7.0.1.tgz#1919a6a7c75fe38b2c7c77e5198535da9acdda40"
  integrity sha512-qOo9F+dMUmC2Lcb4BbVvnKJxTPjCm+RRpe4gDuGrzkL7mEVl/djYSu2OdQ2Pa302N4oqkSg9ir6jaLWJ2USVpQ==
  dependencies:
    to-regex-range "^5.0.1"

fsevents@~2.3.1:
  version "2.3.2"
  resolved "https://registry.yarnpkg.com/fsevents/-/fsevents-2.3.2.tgz#8a526f78b8fdf4623b709e0b975c52c24c02fd1a"
  integrity sha512-xiqMQR4xAeHTuB9uWm+fFRcIOgKBMiOBP+eXiyT7jsgVCq1bkVygt00oASowB7EdtpOHaaPgKt812P9ab+DDKA==

glob-parent@~5.1.0:
  version "5.1.2"
  resolved "https://registry.yarnpkg.com/glob-parent/-/glob-parent-5.1.2.tgz#869832c58034fe68a4093c17dc15e8340d8401c4"
  integrity sha512-AOIgSQCepiJYwP3ARnGx+5VnTu2HBYdzbGP45eLw1vr3zB3vZLeyed1sC9hnbcOc9/SrMyM5RPQrkGz4aS9Zow==
  dependencies:
    is-glob "^4.0.1"

is-binary-path@~2.1.0:
  version "2.1.0"
  resolved "https://registry.yarnpkg.com/is-binary-path/-/is-binary-path-2.1.0.tgz#ea1f7f3b80f064236e83470f86c09c254fb45b09"
  integrity sha512-ZMERYes6pDydyuGidse7OsHxtbI7WVeUEozgR/g7rd0xUimYNlvZRE/K2MgZTjWy725IfelLeVcEM97mmtRGXw==
  dependencies:
    binary-extensions "^2.0.0"

is-extglob@^2.1.1:
  version "2.1.1"
  resolved "https://registry.yarnpkg.com/is-extglob/-/is-extglob-2.1.1.tgz#a88c02535791f02ed37c76a1b9ea9773c833f8c2"
  integrity sha1-qIwCU1eR8C7TfHahueqXc8gz+MI=

is-glob@^4.0.1, is-glob@~4.0.1:
  version "4.0.1"
  resolved "https://registry.yarnpkg.com/is-glob/-/is-glob-4.0.1.tgz#7567dbe9f2f5e2467bc77ab83c4a29482407a5dc"
  integrity sha512-5G0tKtBTFImOqDnLB2hG6Bp2qcKEFduo4tZu9MT/H6NQv/ghhy30o55ufafxJ/LdH79LLs2Kfrn85TLKyA7BUg==
  dependencies:
    is-extglob "^2.1.1"

is-number@^7.0.0:
  version "7.0.0"
  resolved "https://registry.yarnpkg.com/is-number/-/is-number-7.0.0.tgz#7535345b896734d5f80c4d06c50955527a14f12b"
  integrity sha512-41Cifkg6e8TylSpdtTpeLVMqvSBEVzTttHvERD741+pnZ8ANv0004MRL43QKPDlK9cGvNp6NZWZUBlbGXYxxng==

material-components-web@^10.0.0:
  version "10.0.0"
  resolved "https://registry.yarnpkg.com/material-components-web/-/material-components-web-10.0.0.tgz#bddb5961327a67e37b8b03e72a67c275a0d5b674"
  integrity sha512-8zRnmPyZmpD3zKImMCbMrvGx7IwOutGPTrrNNLNEcrmEXCoBVGoorc+6gyvs2bugScgZmLf/nLAXlYlHel7PYQ==
  dependencies:
    "@material/animation" "^10.0.0"
    "@material/auto-init" "^10.0.0"
    "@material/banner" "^10.0.0"
    "@material/base" "^10.0.0"
    "@material/button" "^10.0.0"
    "@material/card" "^10.0.0"
    "@material/checkbox" "^10.0.0"
    "@material/chips" "^10.0.0"
    "@material/circular-progress" "^10.0.0"
    "@material/data-table" "^10.0.0"
    "@material/density" "^10.0.0"
    "@material/dialog" "^10.0.0"
    "@material/dom" "^10.0.0"
    "@material/drawer" "^10.0.0"
    "@material/elevation" "^10.0.0"
    "@material/fab" "^10.0.0"
    "@material/feature-targeting" "^10.0.0"
    "@material/floating-label" "^10.0.0"
    "@material/form-field" "^10.0.0"
    "@material/icon-button" "^10.0.0"
    "@material/image-list" "^10.0.0"
    "@material/layout-grid" "^10.0.0"
    "@material/line-ripple" "^10.0.0"
    "@material/linear-progress" "^10.0.0"
    "@material/list" "^10.0.0"
    "@material/menu" "^10.0.0"
    "@material/menu-surface" "^10.0.0"
    "@material/notched-outline" "^10.0.0"
    "@material/radio" "^10.0.0"
    "@material/ripple" "^10.0.0"
    "@material/rtl" "^10.0.0"
    "@material/segmented-button" "^10.0.0"
    "@material/select" "^10.0.0"
    "@material/shape" "^10.0.0"
    "@material/slider" "^10.0.0"
    "@material/snackbar" "^10.0.0"
    "@material/switch" "^10.0.0"
    "@material/tab" "^10.0.0"
    "@material/tab-bar" "^10.0.0"
    "@material/tab-indicator" "^10.0.0"
    "@material/tab-scroller" "^10.0.0"
    "@material/textfield" "^10.0.0"
    "@material/theme" "^10.0.0"
    "@material/tooltip" "^10.0.0"
    "@material/top-app-bar" "^10.0.0"
    "@material/touch-target" "^10.0.0"
    "@material/typography" "^10.0.0"

normalize-path@^3.0.0, normalize-path@~3.0.0:
  version "3.0.0"
  resolved "https://registry.yarnpkg.com/normalize-path/-/normalize-path-3.0.0.tgz#0dcd69ff23a1c9b11fd0978316644a0388216a65"
  integrity sha512-6eZs5Ls3WtCisHWp9S2GUy8dqkpGi4BVSz3GaqiE6ezub0512ESztXUwUB6C6IKbQkY2Pnb/mD4WYojCRwcwLA==

picomatch@^2.0.4, picomatch@^2.2.1, picomatch@^2.2.2:
  version "2.2.2"
  resolved "https://registry.yarnpkg.com/picomatch/-/picomatch-2.2.2.tgz#21f333e9b6b8eaff02468f5146ea406d345f4dad"
  integrity sha512-q0M/9eZHzmr0AulXyPwNfZjtwZ/RBZlbN3K3CErVrk50T2ASYI7Bye0EvekFY3IP1Nt2DHu0re+V2ZHIpMkuWg==

readdirp@~3.5.0:
  version "3.5.0"
  resolved "https://registry.yarnpkg.com/readdirp/-/readdirp-3.5.0.tgz#9ba74c019b15d365278d2e91bb8c48d7b4d42c9e"
  integrity sha512-cMhu7c/8rdhkHXWsY+osBhfSy0JikwpHK/5+imo+LpeasTF8ouErHrlYkwT0++njiyuDvc7OFY5T3ukvZ8qmFQ==
  dependencies:
    picomatch "^2.2.1"

sass@^1.32.8:
  version "1.32.8"
  resolved "https://registry.yarnpkg.com/sass/-/sass-1.32.8.tgz#f16a9abd8dc530add8834e506878a2808c037bdc"
  integrity sha512-Sl6mIeGpzjIUZqvKnKETfMf0iDAswD9TNlv13A7aAF3XZlRPMq4VvJWBC2N2DXbp94MQVdNSFG6LfF/iOXrPHQ==
  dependencies:
    chokidar ">=2.0.0 <4.0.0"

to-regex-range@^5.0.1:
  version "5.0.1"
  resolved "https://registry.yarnpkg.com/to-regex-range/-/to-regex-range-5.0.1.tgz#1648c44aae7c8d988a326018ed72f5b4dd0392e4"
  integrity sha512-65P7iz6X5yEr1cwcgvQxbbIw7Uk3gOy5dIdtZ4rDveLqhrdJP+Li/Hx6tyK0NEb+2GCyneCMJiGqrADCSNk8sQ==
  dependencies:
    is-number "^7.0.0"

tslib@^1.10.0, tslib@^1.9.3:
  version "1.14.1"
  resolved "https://registry.yarnpkg.com/tslib/-/tslib-1.14.1.tgz#cf2d38bdc34a134bcaf1091c41f6619e2f672d00"
  integrity sha512-Xni35NKzjgMrwevysHTCArtLDpPvye8zV/0E4EyYn43P7/7qvQwPh9BGkHewbMulVntbigmcT7rdX3BNo9wRJg==
